// !$*UTF8*$!
{
	archiveVersion = 1;
	classes = {
	};
	objectVersion = 50;
	objects = {

/* Begin PBXBuildFile section */
		D86DC3052691B6DE005AD907 /* AppDelegate.swift in Sources */ = {isa = PBXBuildFile; fileRef = D86DC3042691B6DE005AD907 /* AppDelegate.swift */; };
		D86DC3072691B6DE005AD907 /* SceneDelegate.swift in Sources */ = {isa = PBXBuildFile; fileRef = D86DC3062691B6DE005AD907 /* SceneDelegate.swift */; };
		D86DC3092691B6DE005AD907 /* ViewController.swift in Sources */ = {isa = PBXBuildFile; fileRef = D86DC3082691B6DE005AD907 /* ViewController.swift */; };
		D86DC30C2691B6DE005AD907 /* Main.storyboard in Resources */ = {isa = PBXBuildFile; fileRef = D86DC30A2691B6DE005AD907 /* Main.storyboard */; };
		D86DC30E2691B6E1005AD907 /* Assets.xcassets in Resources */ = {isa = PBXBuildFile; fileRef = D86DC30D2691B6E1005AD907 /* Assets.xcassets */; };
		D86DC3112691B6E1005AD907 /* LaunchScreen.storyboard in Resources */ = {isa = PBXBuildFile; fileRef = D86DC30F2691B6E1005AD907 /* LaunchScreen.storyboard */; };
/* End PBXBuildFile section */

/* Begin PBXFileReference section */
		D86DC3012691B6DE005AD907 /* getgps.app */ = {isa = PBXFileReference; explicitFileType = wrapper.application; includeInIndex = 0; path = getgps.app; sourceTree = BUILT_PRODUCTS_DIR; };
		D86DC3042691B6DE005AD907 /* AppDelegate.swift */ = {isa = PBXFileReference; lastKnownFileType = sourcecode.swift; path = AppDelegate.swift; sourceTree = "<group>"; };
		D86DC3062691B6DE005AD907 /* SceneDelegate.swift */ = {isa = PBXFileReference; lastKnownFileType = sourcecode.swift; path = SceneDelegate.swift; sourceTree = "<group>"; };
		D86DC3082691B6DE005AD907 /* ViewController.swift */ = {isa = PBXFileReference; lastKnownFileType = sourcecode.swift; path = ViewController.swift; sourceTree = "<group>"; };
		D86DC30B2691B6DE005AD907 /* Base */ = {isa = PBXFileReference; lastKnownFileType = file.storyboard; name = Base; path = Base.lproj/Main.storyboard; sourceTree = "<group>"; };
		D86DC30D2691B6E1005AD907 /* Assets.xcassets */ = {isa = PBXFileReference; lastKnownFileType = folder.assetcatalog; path = Assets.xcassets; sourceTree = "<group>"; };
		D86DC3102691B6E1005AD907 /* Base */ = {isa = PBXFileReference; lastKnownFileType = file.storyboard; name = Base; path = Base.lproj/LaunchScreen.storyboard; sourceTree = "<group>"; };
		D86DC3122691B6E1005AD907 /* Info.plist */ = {isa = PBXFileReference; lastKnownFileType = text.plist.xml; path = Info.plist; sourceTree = "<group>"; };
/* End PBXFileReference section */

/* Begin PBXFrameworksBuildPhase section */
		D86DC2FE2691B6DE005AD907 /* Frameworks */ = {
			isa = PBXFrameworksBuildPhase;
			buildActionMask = 2147483647;
			files = (
			);
			runOnlyForDeploymentPostprocessing = 0;
		};
/* End PBXFrameworksBuildPhase section */

/* Begin PBXGroup section */
		D86DC2F82691B6DD005AD907 = {
			isa = PBXGroup;
			children = (
				D86DC3032691B6DE005AD907 /* getgps */,
				D86DC3022691B6DE005AD907 /* Products */,
			);
			sourceTree = "<group>";
		};
		D86DC3022691B6DE005AD907 /* Products */ = {
			isa = PBXGroup;
			children = (
				D86DC3012691B6DE005AD907 /* getgps.app */,
			);
			name = Products;
			sourceTree = "<group>";
		};
		D86DC3032691B6DE005AD907 /* getgps */ = {
			isa = PBXGroup;
			children = (
				D86DC3042691B6DE005AD907 /* AppDelegate.swift */,
				D86DC3062691B6DE005AD907 /* SceneDelegate.swift */,
				D86DC3082691B6DE005AD907 /* ViewController.swift */,
				D86DC30A2691B6DE005AD907 /* Main.storyboard */,
				D86DC30D2691B6E1005AD907 /* Assets.xcassets */,
				D86DC30F2691B6E1005AD907 /* LaunchScreen.storyboard */,
				D86DC3122691B6E1005AD907 /* Info.plist */,
			);
			path = getgps;
			sourceTree = "<group>";
		};
/* End PBXGroup section */

/* Begin PBXNativeTarget section */
		D86DC3002691B6DE005AD907 /* getgps */ = {
			isa = PBXNativeTarget;
			buildConfigurationList = D86DC3152691B6E1005AD907 /* Build configuration list for PBXNativeTarget "getgps" */;
			buildPhases = (
				D86DC2FD2691B6DE005AD907 /* Sources */,
				D86DC2FE2691B6DE005AD907 /* Frameworks */,
				D86DC2FF2691B6DE005AD907 /* Resources */,
			);
			buildRules = (
			);
			dependencies = (
			);
			name = getgps;
			productName = getgps;
			productReference = D86DC3012691B6DE005AD907 /* getgps.app */;
			productType = "com.apple.product-type.application";
		};
/* End PBXNativeTarget section */

/* Begin PBXProject section */
		D86DC2F92691B6DD005AD907 /* Project object */ = {
			isa = PBXProject;
			attributes = {
				LastSwiftUpdateCheck = 1250;
				LastUpgradeCheck = 1250;
				TargetAttributes = {
					D86DC3002691B6DE005AD907 = {
						CreatedOnToolsVersion = 12.5.1;
					};
				};
			};
			buildConfigurationList = D86DC2FC2691B6DD005AD907 /* Build configuration list for PBXProject "getgps" */;
			compatibilityVersion = "Xcode 9.3";
			developmentRegion = en;
			hasScannedForEncodings = 0;
			knownRegions = (
				en,
				Base,
			);
			mainGroup = D86DC2F82691B6DD005AD907;
			productRefGroup = D86DC3022691B6DE005AD907 /* Products */;
			projectDirPath = "";
			projectRoot = "";
			targets = (
				D86DC3002691B6DE005AD907 /* getgps */,
			);
		};
/* End PBXProject section */

/* Begin PBXResourcesBuildPhase section */
		D86DC2FF2691B6DE005AD907 /* Resources */ = {
			isa = PBXResourcesBuildPhase;
			buildActionMask = 2147483647;
			files = (
				D86DC3112691B6E1005AD907 /* LaunchScreen.storyboard in Resources */,
				D86DC30E2691B6E1005AD907 /* Assets.xcassets in Resources */,
				D86DC30C2691B6DE005AD907 /* Main.storyboard in Resources */,
			);
			runOnlyForDeploymentPostprocessing = 0;
		};
/* End PBXResourcesBuildPhase section */

/* Begin PBXSourcesBuildPhase section */
		D86DC2FD2691B6DE005AD907 /* Sources */ = {
			isa = PBXSourcesBuildPhase;
			buildActionMask = 2147483647;
			files = (
				D86DC3092691B6DE005AD907 /* ViewController.swift in Sources */,
				D86DC3052691B6DE005AD907 /* AppDelegate.swift in Sources */,
				D86DC3072691B6DE005AD907 /* SceneDelegate.swift in Sources */,
			);
			runOnlyForDeploymentPostprocessing = 0;
		};
/* End PBXSourcesBuildPhase section */

/* Begin PBXVariantGroup section */
		D86DC30A2691B6DE005AD907 /* Main.storyboard */ = {
			isa = PBXVariantGroup;
			children = (
				D86DC30B2691B6DE005AD907 /* Base */,
			);
			name = Main.storyboard;
			sourceTree = "<group>";
		};
		D86DC30F2691B6E1005AD907 /* LaunchScreen.storyboard */ = {
			isa = PBXVariantGroup;
			children = (
				D86DC3102691B6E1005AD907 /* Base */,
			);
			name = LaunchScreen.storyboard;
			sourceTree = "<group>";
		};
/* End PBXVariantGroup section */

/* Begin XCBuildConfiguration section */
		D86DC3132691B6E1005AD907 /* Debug */ = {
			isa = XCBuildConfiguration;
			buildSettings = {
				ALWAYS_SEARCH_USER_PATHS = NO;
				CLANG_ANALYZER_NONNULL = YES;
				CLANG_ANALYZER_NUMBER_OBJECT_CONVERSION = YES_AGGRESSIVE;
				CLANG_CXX_LANGUAGE_STANDARD = "gnu++14";
				CLANG_CXX_LIBRARY = "libc++";
				CLANG_ENABLE_MODULES = YES;
				CLANG_ENABLE_OBJC_ARC = YES;
				CLANG_ENABLE_OBJC_WEAK = YES;
				CLANG_WARN_BLOCK_CAPTURE_AUTORELEASING = YES;
				CLANG_WARN_BOOL_CONVERSION = YES;
				CLANG_WARN_COMMA = YES;
				CLANG_WARN_CONSTANT_CONVERSION = YES;
				CLANG_WARN_DEPRECATED_OBJC_IMPLEMENTATIONS = YES;
				CLANG_WARN_DIRECT_OBJC_ISA_USAGE = YES_ERROR;
				CLANG_WARN_DOCUMENTATION_COMMENTS = YES;
				CLANG_WARN_EMPTY_BODY = YES;
				CLANG_WARN_ENUM_CONVERSION = YES;
				CLANG_WARN_INFINITE_RECURSION = YES;
				CLANG_WARN_INT_CONVERSION = YES;
				CLANG_WARN_NON_LITERAL_NULL_CONVERSION = YES;
				CLANG_WARN_OBJC_IMPLICIT_RETAIN_SELF = YES;
				CLANG_WARN_OBJC_LITERAL_CONVERSION = YES;
				CLANG_WARN_OBJC_ROOT_CLASS = YES_ERROR;
				CLANG_WARN_QUOTED_INCLUDE_IN_FRAMEWORK_HEADER = YES;
				CLANG_WARN_RANGE_LOOP_ANALYSIS = YES;
				CLANG_WARN_STRICT_PROTOTYPES = YES;
				CLANG_WARN_SUSPICIOUS_MOVE = YES;
				CLANG_WARN_UNGUARDED_AVAILABILITY = YES_AGGRESSIVE;
				CLANG_WARN_UNREACHABLE_CODE = YES;
				CLANG_WARN__DUPLICATE_METHOD_MATCH = YES;
				COPY_PHASE_STRIP = NO;
				DEBUG_INFORMATION_FORMAT = dwarf;
				ENABLE_STRICT_OBJC_MSGSEND = YES;
				ENABLE_TESTABILITY = YES;
				GCC_C_LANGUAGE_STANDARD = gnu11;
				GCC_DYNAMIC_NO_PIC = NO;
				GCC_NO_COMMON_BLOCKS = YES;
				GCC_OPTIMIZATION_LEVEL = 0;
				GCC_PREPROCESSOR_DEFINITIONS = (
					"DEBUG=1",
					"$(inherited)",
				);
				GCC_WARN_64_TO_32_BIT_CONVERSION = YES;
				GCC_WARN_ABOUT_RETURN_TYPE = YES_ERROR;
				GCC_WARN_UNDECLARED_SELECTOR = YES;
				GCC_WARN_UNINITIALIZED_AUTOS = YES_AGGRESSIVE;
				GCC_WARN_UNUSED_FUNCTION = YES;
				GCC_WARN_UNUSED_VARIABLE = YES;
				IPHONEOS_DEPLOYMENT_TARGET = 14.5;
				MTL_ENABLE_DEBUG_INFO = INCLUDE_SOURCE;
				MTL_FAST_MATH = YES;
				ONLY_ACTIVE_ARCH = YES;
				SDKROOT = iphoneos;
				SWIFT_ACTIVE_COMPILATION_CONDITIONS = DEBUG;
				SWIFT_OPTIMIZATION_LEVEL = "-Onone";
			};
			name = Debug;
		};
		D86DC3142691B6E1005AD907 /* Release */ = {
			isa = XCBuildConfiguration;
			buildSettings = {
				ALWAYS_SEARCH_USER_PATHS = NO;
				CLANG_ANALYZER_NONNULL = YES;
				CLANG_ANALYZER_NUMBER_OBJECT_CONVERSION = YES_AGGRESSIVE;
				CLANG_CXX_LANGUAGE_STANDARD = "gnu++14";
				CLANG_CXX_LIBRARY = "libc++";
				CLANG_ENABLE_MODULES = YES;
				CLANG_ENABLE_OBJC_ARC = YES;
				CLANG_ENABLE_OBJC_WEAK = YES;
				CLANG_WARN_BLOCK_CAPTURE_AUTORELEASING = YES;
				CLANG_WARN_BOOL_CONVERSION = YES;
				CLANG_WARN_COMMA = YES;
				CLANG_WARN_CONSTANT_CONVERSION = YES;
				CLANG_WARN_DEPRECATED_OBJC_IMPLEMENTATIONS = YES;
				CLANG_WARN_DIRECT_OBJC_ISA_USAGE = YES_ERROR;
				CLANG_WARN_DOCUMENTATION_COMMENTS = YES;
				CLANG_WARN_EMPTY_BODY = YES;
				CLANG_WARN_ENUM_CONVERSION = YES;
				CLANG_WARN_INFINITE_RECURSION = YES;
				CLANG_WARN_INT_CONVERSION = YES;
				CLANG_WARN_NON_LITERAL_NULL_CONVERSION = YES;
				CLANG_WARN_OBJC_IMPLICIT_RETAIN_SELF = YES;
				CLANG_WARN_OBJC_LITERAL_CONVERSION = YES;
				CLANG_WARN_OBJC_ROOT_CLASS = YES_ERROR;
				CLANG_WARN_QUOTED_INCLUDE_IN_FRAMEWORK_HEADER = YES;
				CLANG_WARN_RANGE_LOOP_ANALYSIS = YES;
				CLANG_WARN_STRICT_PROTOTYPES = YES;
				CLANG_WARN_SUSPICIOUS_MOVE = YES;
				CLANG_WARN_UNGUARDED_AVAILABILITY = YES_AGGRESSIVE;
				CLANG_WARN_UNREACHABLE_CODE = YES;
				CLANG_WARN__DUPLICATE_METHOD_MATCH = YES;
				COPY_PHASE_STRIP = NO;
				DEBUG_INFORMATION_FORMAT = "dwarf-with-dsym";
				ENABLE_NS_ASSERTIONS = NO;
				ENABLE_STRICT_OBJC_MSGSEND = YES;
				GCC_C_LANGUAGE_STANDARD = gnu11;
				GCC_NO_COMMON_BLOCKS = YES;
				GCC_WARN_64_TO_32_BIT_CONVERSION = YES;
				GCC_WARN_ABOUT_RETURN_TYPE = YES_ERROR;
				GCC_WARN_UNDECLARED_SELECTOR = YES;
				GCC_WARN_UNINITIALIZED_AUTOS = YES_AGGRESSIVE;
				GCC_WARN_UNUSED_FUNCTION = YES;
				GCC_WARN_UNUSED_VARIABLE = YES;
				IPHONEOS_DEPLOYMENT_TARGET = 14.5;
				MTL_ENABLE_DEBUG_INFO = NO;
				MTL_FAST_MATH = YES;
				SDKROOT = iphoneos;
				SWIFT_COMPILATION_MODE = wholemodule;
				SWIFT_OPTIMIZATION_LEVEL = "-O";
				VALIDATE_PRODUCT = YES;
			};
			name = Release;
		};
		D86DC3162691B6E1005AD907 /* Debug */ = {
			isa = XCBuildConfiguration;
			buildSettings = {
				ASSETCATALOG_COMPILER_APPICON_NAME = AppIcon;
				ASSETCATALOG_COMPILER_GLOBAL_ACCENT_COLOR_NAME = AccentColor;
				CODE_SIGN_STYLE = Automatic;
				DEVELOPMENT_TEAM = 5G92T5VXSD;
				INFOPLIST_FILE = getgps/Info.plist;
				LD_RUNPATH_SEARCH_PATHS = (
					"$(inherited)",
					"@executable_path/Frameworks",
				);
				PRODUCT_BUNDLE_IDENTIFIER = "Yoshihiro-keda.getgps";
				PRODUCT_NAME = "$(TARGET_NAME)";
				SWIFT_VERSION = 5.0;
				TARGETED_DEVICE_FAMILY = "1,2";
			};
			name = Debug;
		};
		D86DC3172691B6E1005AD907 /* Release */ = {
			isa = XCBuildConfiguration;
			buildSettings = {
				ASSETCATALOG_COMPILER_APPICON_NAME = AppIcon;
				ASSETCATALOG_COMPILER_GLOBAL_ACCENT_COLOR_NAME = AccentColor;
				CODE_SIGN_STYLE = Automatic;
				DEVELOPMENT_TEAM = 5G92T5VXSD;
				INFOPLIST_FILE = getgps/Info.plist;
				LD_RUNPATH_SEARCH_PATHS = (
					"$(inherited)",
					"@executable_path/Frameworks",
				);
				PRODUCT_BUNDLE_IDENTIFIER = "Yoshihiro-keda.getgps";
				PRODUCT_NAME = "$(TARGET_NAME)";
				SWIFT_VERSION = 5.0;
				TARGETED_DEVICE_FAMILY = "1,2";
			};
			name = Release;
		};
/* End XCBuildConfiguration section */

/* Begin XCConfigurationList section */
		D86DC2FC2691B6DD005AD907 /* Build configuration list for PBXProject "getgps" */ = {
			isa = XCConfigurationList;
			buildConfigurations = (
				D86DC3132691B6E1005AD907 /* Debug */,
				D86DC3142691B6E1005AD907 /* Release */,
			);
			defaultConfigurationIsVisible = 0;
			defaultConfigurationName = Release;
		};
		D86DC3152691B6E1005AD907 /* Build configuration list for PBXNativeTarget "getgps" */ = {
			isa = XCConfigurationList;
			buildConfigurations = (
				D86DC3162691B6E1005AD907 /* Debug */,
				D86DC3172691B6E1005AD907 /* Release */,
			);
			defaultConfigurationIsVisible = 0;
			defaultConfigurationName = Release;
		};
/* End XCConfigurationList section */
	};
	rootObject = D86DC2F92691B6DD005AD907 /* Project object */;
}
